// !$*UTF8*$!
{
	archiveVersion = 1;
	classes = {
	};
	objectVersion = 63;
	objects = {

/* Begin PBXBuildFile section */
		12DEA6BDCDAE81B6FC696839 /* Pods_TrackerTests.framework in Frameworks */ = {isa = PBXBuildFile; fileRef = 7EEE12AF299E06084395E150 /* Pods_TrackerTests.framework */; };
		AC338A66983DFCA1CE39D16B /* Pods_Tracker.framework in Frameworks */ = {isa = PBXBuildFile; fileRef = 5F8955A5401188A57C5CB590 /* Pods_Tracker.framework */; };
		B90142672D3EF72700311616 /* Constants.swift in Sources */ = {isa = PBXBuildFile; fileRef = B90142662D3EF72700311616 /* Constants.swift */; };
		B9340CD22D133AAF0054D94A /* NewEventVC.swift in Sources */ = {isa = PBXBuildFile; fileRef = B9340CD12D133AAF0054D94A /* NewEventVC.swift */; };
		B96274C12D32B0620042FE05 /* TrackerColors.swift in Sources */ = {isa = PBXBuildFile; fileRef = B96274C02D32B0620042FE05 /* TrackerColors.swift */; };
		B96C8BDF2D3139C900C00631 /* Localizable.xcstrings in Resources */ = {isa = PBXBuildFile; fileRef = B96C8BDE2D3139C900C00631 /* Localizable.xcstrings */; };
		B96C8BE12D313AF100C00631 /* LocalizationStrings.swift in Sources */ = {isa = PBXBuildFile; fileRef = B96C8BE02D313ADF00C00631 /* LocalizationStrings.swift */; };
		B96C8BF02D3145A300C00631 /* LocalizableDictionary.stringsdict in Resources */ = {isa = PBXBuildFile; fileRef = B96C8BEE2D3145A300C00631 /* LocalizableDictionary.stringsdict */; };
		B99B85642D3D386A00C74F68 /* GradientBorderView.swift in Sources */ = {isa = PBXBuildFile; fileRef = B99B85632D3D386A00C74F68 /* GradientBorderView.swift */; };
		B99B85742D3D730F00C74F68 /* InlineSnapshotTesting in Frameworks */ = {isa = PBXBuildFile; productRef = B99B85732D3D730F00C74F68 /* InlineSnapshotTesting */; };
		B99B85762D3D730F00C74F68 /* SnapshotTesting in Frameworks */ = {isa = PBXBuildFile; productRef = B99B85752D3D730F00C74F68 /* SnapshotTesting */; };
		B99B85912D3D803A00C74F68 /* AnalyticsService.swift in Sources */ = {isa = PBXBuildFile; fileRef = B99B85902D3D803A00C74F68 /* AnalyticsService.swift */; };
		B99B85972D3D898D00C74F68 /* testTrackerNavigationViewController.1.png in Resources */ = {isa = PBXBuildFile; fileRef = B99B85922D3D898D00C74F68 /* testTrackerNavigationViewController.1.png */; };
		B99B85982D3D898D00C74F68 /* TrackerTests.swift in Sources */ = {isa = PBXBuildFile; fileRef = B99B85952D3D898D00C74F68 /* TrackerTests.swift */; };
		B9A216442D05C4C400D46982 /* TrackerStore.swift in Sources */ = {isa = PBXBuildFile; fileRef = B9A216432D05C4C400D46982 /* TrackerStore.swift */; };
		B9A216462D05C4FE00D46982 /* TrackerCategoryStore.swift in Sources */ = {isa = PBXBuildFile; fileRef = B9A216452D05C4FE00D46982 /* TrackerCategoryStore.swift */; };
		B9A216482D05C52200D46982 /* TrackerRecordStore.swift in Sources */ = {isa = PBXBuildFile; fileRef = B9A216472D05C52200D46982 /* TrackerRecordStore.swift */; };
		B9A3BD812D2DC360008FD584 /* PageViewController.swift in Sources */ = {isa = PBXBuildFile; fileRef = B9A3BD802D2DC360008FD584 /* PageViewController.swift */; };
		B9BA627F2D2D863A007D6ECF /* OnboardingViewController.swift in Sources */ = {isa = PBXBuildFile; fileRef = B9BA627E2D2D863A007D6ECF /* OnboardingViewController.swift */; };
		B9C78A722CE66F7A00613AD1 /* Tracker.xcdatamodeld in Sources */ = {isa = PBXBuildFile; fileRef = B9C78A672CE66F7A00613AD1 /* Tracker.xcdatamodeld */; };
		B9C78A752CE66F7A00613AD1 /* Assets.xcassets in Resources */ = {isa = PBXBuildFile; fileRef = B9C78A642CE66F7A00613AD1 /* Assets.xcassets */; };
		B9FE62802D368F8800BE13E2 /* FiltersVC.swift in Sources */ = {isa = PBXBuildFile; fileRef = B9FE627F2D368F8800BE13E2 /* FiltersVC.swift */; };
		B9FE62882D384A2B00BE13E2 /* AddCategoryVC.swift in Sources */ = {isa = PBXBuildFile; fileRef = B9FE62812D384A2B00BE13E2 /* AddCategoryVC.swift */; };
		B9FE62892D384A2B00BE13E2 /* AddCategoryViewModel.swift in Sources */ = {isa = PBXBuildFile; fileRef = B9FE62822D384A2B00BE13E2 /* AddCategoryViewModel.swift */; };
		B9FE628A2D384A2B00BE13E2 /* CategoryModel.swift in Sources */ = {isa = PBXBuildFile; fileRef = B9FE62842D384A2B00BE13E2 /* CategoryModel.swift */; };
		B9FE628B2D384A2B00BE13E2 /* CategoryVC.swift in Sources */ = {isa = PBXBuildFile; fileRef = B9FE62852D384A2B00BE13E2 /* CategoryVC.swift */; };
		B9FE628C2D384A2B00BE13E2 /* CategoryVCViewModel.swift in Sources */ = {isa = PBXBuildFile; fileRef = B9FE62862D384A2B00BE13E2 /* CategoryVCViewModel.swift */; };
		B9FE62902D384A2B00BE13E2 /* AppDelegate.swift in Sources */ = {isa = PBXBuildFile; fileRef = B9FE628D2D384A2B00BE13E2 /* AppDelegate.swift */; };
		B9FE62912D384A2B00BE13E2 /* SceneDelegate.swift in Sources */ = {isa = PBXBuildFile; fileRef = B9FE628E2D384A2B00BE13E2 /* SceneDelegate.swift */; };
		B9FE62972D384A3500BE13E2 /* MainTrackerViewController.swift in Sources */ = {isa = PBXBuildFile; fileRef = B9FE62942D384A3500BE13E2 /* MainTrackerViewController.swift */; };
		B9FE62982D384A3500BE13E2 /* SplashViewController.swift in Sources */ = {isa = PBXBuildFile; fileRef = B9FE62952D384A3500BE13E2 /* SplashViewController.swift */; };
		B9FE62992D384A3500BE13E2 /* LaunchScreen.storyboard in Resources */ = {isa = PBXBuildFile; fileRef = B9FE62932D384A3500BE13E2 /* LaunchScreen.storyboard */; };
		B9FE62A02D384A3500BE13E2 /* CellCollectionViewController.swift in Sources */ = {isa = PBXBuildFile; fileRef = B9FE629A2D384A3500BE13E2 /* CellCollectionViewController.swift */; };
		B9FE62A12D384A3500BE13E2 /* EmojiCollectionViewVC.swift in Sources */ = {isa = PBXBuildFile; fileRef = B9FE629B2D384A3500BE13E2 /* EmojiCollectionViewVC.swift */; };
		B9FE62A22D384A3500BE13E2 /* HabitTableView_obsolete.swift in Sources */ = {isa = PBXBuildFile; fileRef = B9FE629C2D384A3500BE13E2 /* HabitTableView_obsolete.swift */; };
		B9FE62A32D384A3500BE13E2 /* HabitTableViewCell.swift in Sources */ = {isa = PBXBuildFile; fileRef = B9FE629D2D384A3500BE13E2 /* HabitTableViewCell.swift */; };
		B9FE62A42D384A3500BE13E2 /* NewHabitVC.swift in Sources */ = {isa = PBXBuildFile; fileRef = B9FE629E2D384A3500BE13E2 /* NewHabitVC.swift */; };
		B9FE62A72D384A3500BE13E2 /* StatisticsTableViewController.swift in Sources */ = {isa = PBXBuildFile; fileRef = B9FE62A52D384A3500BE13E2 /* StatisticsTableViewController.swift */; };
		B9FE62AA2D384A3500BE13E2 /* ScheduleVC.swift in Sources */ = {isa = PBXBuildFile; fileRef = B9FE62A82D384A3500BE13E2 /* ScheduleVC.swift */; };
		B9FE62AE2D384A3500BE13E2 /* TrackerCreateVC.swift in Sources */ = {isa = PBXBuildFile; fileRef = B9FE62AC2D384A3500BE13E2 /* TrackerCreateVC.swift */; };
		B9FE62B42D384A3500BE13E2 /* SupplementaryHeaderView.swift in Sources */ = {isa = PBXBuildFile; fileRef = B9FE62B02D384A3500BE13E2 /* SupplementaryHeaderView.swift */; };
		B9FE62B52D384A3500BE13E2 /* TrackerCellViewController.swift in Sources */ = {isa = PBXBuildFile; fileRef = B9FE62B12D384A3500BE13E2 /* TrackerCellViewController.swift */; };
		B9FE62B62D384A3500BE13E2 /* TrackerNavigationViewController.swift in Sources */ = {isa = PBXBuildFile; fileRef = B9FE62B22D384A3500BE13E2 /* TrackerNavigationViewController.swift */; };
/* End PBXBuildFile section */

/* Begin PBXContainerItemProxy section */
		B99B856D2D3D716000C74F68 /* PBXContainerItemProxy */ = {
			isa = PBXContainerItemProxy;
			containerPortal = B90C3F362CD6981E00171B84 /* Project object */;
			proxyType = 1;
			remoteGlobalIDString = B90C3F3D2CD6981E00171B84;
			remoteInfo = Tracker;
		};
/* End PBXContainerItemProxy section */

/* Begin PBXFileReference section */
		50AD68AE6643C0372F7FE78A /* Pods-TrackerTests.release.xcconfig */ = {isa = PBXFileReference; includeInIndex = 1; lastKnownFileType = text.xcconfig; name = "Pods-TrackerTests.release.xcconfig"; path = "Target Support Files/Pods-TrackerTests/Pods-TrackerTests.release.xcconfig"; sourceTree = "<group>"; };
		5BFC952B0130FF3604ECC196 /* Pods-TrackerTests.debug.xcconfig */ = {isa = PBXFileReference; includeInIndex = 1; lastKnownFileType = text.xcconfig; name = "Pods-TrackerTests.debug.xcconfig"; path = "Target Support Files/Pods-TrackerTests/Pods-TrackerTests.debug.xcconfig"; sourceTree = "<group>"; };
		5F8955A5401188A57C5CB590 /* Pods_Tracker.framework */ = {isa = PBXFileReference; explicitFileType = wrapper.framework; includeInIndex = 0; path = Pods_Tracker.framework; sourceTree = BUILT_PRODUCTS_DIR; };
		7EEE12AF299E06084395E150 /* Pods_TrackerTests.framework */ = {isa = PBXFileReference; explicitFileType = wrapper.framework; includeInIndex = 0; path = Pods_TrackerTests.framework; sourceTree = BUILT_PRODUCTS_DIR; };
		97A0BCA16086953C5B703AC5 /* Pods-Tracker.release.xcconfig */ = {isa = PBXFileReference; includeInIndex = 1; lastKnownFileType = text.xcconfig; name = "Pods-Tracker.release.xcconfig"; path = "Target Support Files/Pods-Tracker/Pods-Tracker.release.xcconfig"; sourceTree = "<group>"; };
		B90142662D3EF72700311616 /* Constants.swift */ = {isa = PBXFileReference; lastKnownFileType = sourcecode.swift; path = Constants.swift; sourceTree = "<group>"; };
		B90493212CF3923700C34E4C /* Tracker.xcodeproj */ = {isa = PBXFileReference; lastKnownFileType = "wrapper.pb-project"; path = Tracker.xcodeproj; sourceTree = SOURCE_ROOT; };
		B90C3F3E2CD6981E00171B84 /* Tracker.app */ = {isa = PBXFileReference; explicitFileType = wrapper.application; includeInIndex = 0; path = Tracker.app; sourceTree = BUILT_PRODUCTS_DIR; };
		B9340CD12D133AAF0054D94A /* NewEventVC.swift */ = {isa = PBXFileReference; lastKnownFileType = sourcecode.swift; path = NewEventVC.swift; sourceTree = "<group>"; };
		B96274C02D32B0620042FE05 /* TrackerColors.swift */ = {isa = PBXFileReference; lastKnownFileType = sourcecode.swift; path = TrackerColors.swift; sourceTree = "<group>"; };
		B96C8BDE2D3139C900C00631 /* Localizable.xcstrings */ = {isa = PBXFileReference; lastKnownFileType = text.json.xcstrings; path = Localizable.xcstrings; sourceTree = "<group>"; };
		B96C8BE02D313ADF00C00631 /* LocalizationStrings.swift */ = {isa = PBXFileReference; lastKnownFileType = sourcecode.swift; path = LocalizationStrings.swift; sourceTree = "<group>"; };
		B96C8BEF2D3145A300C00631 /* en */ = {isa = PBXFileReference; lastKnownFileType = text.plist.stringsdict; name = en; path = en.lproj/LocalizableDictionary.stringsdict; sourceTree = "<group>"; };
		B96C8BF12D3147BE00C00631 /* ru */ = {isa = PBXFileReference; lastKnownFileType = text.plist.stringsdict; name = ru; path = ru.lproj/LocalizableDictionary.stringsdict; sourceTree = "<group>"; };
		B99B85632D3D386A00C74F68 /* GradientBorderView.swift */ = {isa = PBXFileReference; lastKnownFileType = sourcecode.swift; path = GradientBorderView.swift; sourceTree = "<group>"; };
		B99B85692D3D716000C74F68 /* TrackerTests.xctest */ = {isa = PBXFileReference; explicitFileType = wrapper.cfbundle; includeInIndex = 0; path = TrackerTests.xctest; sourceTree = BUILT_PRODUCTS_DIR; };
		B99B85902D3D803A00C74F68 /* AnalyticsService.swift */ = {isa = PBXFileReference; lastKnownFileType = sourcecode.swift; path = AnalyticsService.swift; sourceTree = "<group>"; };
		B99B85922D3D898D00C74F68 /* testTrackerNavigationViewController.1.png */ = {isa = PBXFileReference; lastKnownFileType = image.png; path = testTrackerNavigationViewController.1.png; sourceTree = "<group>"; };
		B99B85952D3D898D00C74F68 /* TrackerTests.swift */ = {isa = PBXFileReference; lastKnownFileType = sourcecode.swift; path = TrackerTests.swift; sourceTree = "<group>"; };
		B9A216432D05C4C400D46982 /* TrackerStore.swift */ = {isa = PBXFileReference; lastKnownFileType = sourcecode.swift; path = TrackerStore.swift; sourceTree = "<group>"; };
		B9A216452D05C4FE00D46982 /* TrackerCategoryStore.swift */ = {isa = PBXFileReference; lastKnownFileType = sourcecode.swift; path = TrackerCategoryStore.swift; sourceTree = "<group>"; };
		B9A216472D05C52200D46982 /* TrackerRecordStore.swift */ = {isa = PBXFileReference; lastKnownFileType = sourcecode.swift; path = TrackerRecordStore.swift; sourceTree = "<group>"; };
		B9A3BD802D2DC360008FD584 /* PageViewController.swift */ = {isa = PBXFileReference; lastKnownFileType = sourcecode.swift; path = PageViewController.swift; sourceTree = "<group>"; };
		B9BA627E2D2D863A007D6ECF /* OnboardingViewController.swift */ = {isa = PBXFileReference; lastKnownFileType = sourcecode.swift; path = OnboardingViewController.swift; sourceTree = "<group>"; };
		B9C78A642CE66F7A00613AD1 /* Assets.xcassets */ = {isa = PBXFileReference; lastKnownFileType = folder.assetcatalog; path = Assets.xcassets; sourceTree = "<group>"; };
		B9C78A692CE66F7A00613AD1 /* Tracker.xcdatamodel */ = {isa = PBXFileReference; lastKnownFileType = wrapper.xcdatamodel; path = Tracker.xcdatamodel; sourceTree = "<group>"; };
		B9FE627F2D368F8800BE13E2 /* FiltersVC.swift */ = {isa = PBXFileReference; lastKnownFileType = sourcecode.swift; path = FiltersVC.swift; sourceTree = "<group>"; };
		B9FE62812D384A2B00BE13E2 /* AddCategoryVC.swift */ = {isa = PBXFileReference; lastKnownFileType = sourcecode.swift; path = AddCategoryVC.swift; sourceTree = "<group>"; };
		B9FE62822D384A2B00BE13E2 /* AddCategoryViewModel.swift */ = {isa = PBXFileReference; lastKnownFileType = sourcecode.swift; path = AddCategoryViewModel.swift; sourceTree = "<group>"; };
		B9FE62842D384A2B00BE13E2 /* CategoryModel.swift */ = {isa = PBXFileReference; lastKnownFileType = sourcecode.swift; path = CategoryModel.swift; sourceTree = "<group>"; };
		B9FE62852D384A2B00BE13E2 /* CategoryVC.swift */ = {isa = PBXFileReference; lastKnownFileType = sourcecode.swift; path = CategoryVC.swift; sourceTree = "<group>"; };
		B9FE62862D384A2B00BE13E2 /* CategoryVCViewModel.swift */ = {isa = PBXFileReference; lastKnownFileType = sourcecode.swift; path = CategoryVCViewModel.swift; sourceTree = "<group>"; };
		B9FE628D2D384A2B00BE13E2 /* AppDelegate.swift */ = {isa = PBXFileReference; lastKnownFileType = sourcecode.swift; path = AppDelegate.swift; sourceTree = "<group>"; };
		B9FE628E2D384A2B00BE13E2 /* SceneDelegate.swift */ = {isa = PBXFileReference; lastKnownFileType = sourcecode.swift; path = SceneDelegate.swift; sourceTree = "<group>"; };
		B9FE62922D384A3500BE13E2 /* Base */ = {isa = PBXFileReference; lastKnownFileType = file.storyboard; name = Base; path = Base.lproj/LaunchScreen.storyboard; sourceTree = "<group>"; };
		B9FE62942D384A3500BE13E2 /* MainTrackerViewController.swift */ = {isa = PBXFileReference; lastKnownFileType = sourcecode.swift; path = MainTrackerViewController.swift; sourceTree = "<group>"; };
		B9FE62952D384A3500BE13E2 /* SplashViewController.swift */ = {isa = PBXFileReference; lastKnownFileType = sourcecode.swift; path = SplashViewController.swift; sourceTree = "<group>"; };
		B9FE629A2D384A3500BE13E2 /* CellCollectionViewController.swift */ = {isa = PBXFileReference; lastKnownFileType = sourcecode.swift; path = CellCollectionViewController.swift; sourceTree = "<group>"; };
		B9FE629B2D384A3500BE13E2 /* EmojiCollectionViewVC.swift */ = {isa = PBXFileReference; lastKnownFileType = sourcecode.swift; path = EmojiCollectionViewVC.swift; sourceTree = "<group>"; };
		B9FE629C2D384A3500BE13E2 /* HabitTableView_obsolete.swift */ = {isa = PBXFileReference; lastKnownFileType = sourcecode.swift; path = HabitTableView_obsolete.swift; sourceTree = "<group>"; };
		B9FE629D2D384A3500BE13E2 /* HabitTableViewCell.swift */ = {isa = PBXFileReference; lastKnownFileType = sourcecode.swift; path = HabitTableViewCell.swift; sourceTree = "<group>"; };
		B9FE629E2D384A3500BE13E2 /* NewHabitVC.swift */ = {isa = PBXFileReference; lastKnownFileType = sourcecode.swift; path = NewHabitVC.swift; sourceTree = "<group>"; };
		B9FE62A52D384A3500BE13E2 /* StatisticsTableViewController.swift */ = {isa = PBXFileReference; lastKnownFileType = sourcecode.swift; path = StatisticsTableViewController.swift; sourceTree = "<group>"; };
		B9FE62A82D384A3500BE13E2 /* ScheduleVC.swift */ = {isa = PBXFileReference; lastKnownFileType = sourcecode.swift; path = ScheduleVC.swift; sourceTree = "<group>"; };
		B9FE62AB2D384A3500BE13E2 /* Info.plist */ = {isa = PBXFileReference; lastKnownFileType = text.plist.xml; path = Info.plist; sourceTree = "<group>"; };
		B9FE62AC2D384A3500BE13E2 /* TrackerCreateVC.swift */ = {isa = PBXFileReference; lastKnownFileType = sourcecode.swift; path = TrackerCreateVC.swift; sourceTree = "<group>"; };
		B9FE62B02D384A3500BE13E2 /* SupplementaryHeaderView.swift */ = {isa = PBXFileReference; lastKnownFileType = sourcecode.swift; path = SupplementaryHeaderView.swift; sourceTree = "<group>"; };
		B9FE62B12D384A3500BE13E2 /* TrackerCellViewController.swift */ = {isa = PBXFileReference; lastKnownFileType = sourcecode.swift; path = TrackerCellViewController.swift; sourceTree = "<group>"; };
		B9FE62B22D384A3500BE13E2 /* TrackerNavigationViewController.swift */ = {isa = PBXFileReference; lastKnownFileType = sourcecode.swift; path = TrackerNavigationViewController.swift; sourceTree = "<group>"; };
		EF9DA798F3C81CDD208679F2 /* Pods-Tracker.debug.xcconfig */ = {isa = PBXFileReference; includeInIndex = 1; lastKnownFileType = text.xcconfig; name = "Pods-Tracker.debug.xcconfig"; path = "Target Support Files/Pods-Tracker/Pods-Tracker.debug.xcconfig"; sourceTree = "<group>"; };
/* End PBXFileReference section */

/* Begin PBXFrameworksBuildPhase section */
		B90C3F3B2CD6981E00171B84 /* Frameworks */ = {
			isa = PBXFrameworksBuildPhase;
			buildActionMask = 2147483647;
			files = (
				AC338A66983DFCA1CE39D16B /* Pods_Tracker.framework in Frameworks */,
			);
			runOnlyForDeploymentPostprocessing = 0;
		};
		B99B85662D3D716000C74F68 /* Frameworks */ = {
			isa = PBXFrameworksBuildPhase;
			buildActionMask = 2147483647;
			files = (
				B99B85742D3D730F00C74F68 /* InlineSnapshotTesting in Frameworks */,
				B99B85762D3D730F00C74F68 /* SnapshotTesting in Frameworks */,
				12DEA6BDCDAE81B6FC696839 /* Pods_TrackerTests.framework in Frameworks */,
			);
			runOnlyForDeploymentPostprocessing = 0;
		};
/* End PBXFrameworksBuildPhase section */

/* Begin PBXGroup section */
		0824801D893D6BA779277419 /* Frameworks */ = {
			isa = PBXGroup;
			children = (
				5F8955A5401188A57C5CB590 /* Pods_Tracker.framework */,
				7EEE12AF299E06084395E150 /* Pods_TrackerTests.framework */,
			);
			name = Frameworks;
			sourceTree = "<group>";
		};
		A383E7635525B517161C4515 /* Pods */ = {
			isa = PBXGroup;
			children = (
				EF9DA798F3C81CDD208679F2 /* Pods-Tracker.debug.xcconfig */,
				97A0BCA16086953C5B703AC5 /* Pods-Tracker.release.xcconfig */,
				5BFC952B0130FF3604ECC196 /* Pods-TrackerTests.debug.xcconfig */,
				50AD68AE6643C0372F7FE78A /* Pods-TrackerTests.release.xcconfig */,
			);
			path = Pods;
			sourceTree = "<group>";
		};
		B90C3F352CD6981E00171B84 = {
			isa = PBXGroup;
			children = (
				B9FE62872D384A2B00BE13E2 /* CategoryViews */,
				B9FE628F2D384A2B00BE13E2 /* CommonFiles */,
				B9A216422D05C49800D46982 /* CoreData */,
				B9340CD02D133A8F0054D94A /* Events */,
				B9FE627E2D368F5700BE13E2 /* Filters */,
				B9FE629F2D384A3500BE13E2 /* HabitViews */,
				B9BA627C2D2D85E3007D6ECF /* Onboarding */,
				B96C8BDD2D3139A900C00631 /* Resources */,
				B9FE62A92D384A3500BE13E2 /* ScheduleViews */,
				B9FE62962D384A3500BE13E2 /* StartingAppScreens */,
				B9FE62A62D384A3500BE13E2 /* Statistics */,
				B9FE62AD2D384A3500BE13E2 /* Tracker */,
				B9FE62B32D384A3500BE13E2 /* TrackerViews */,
				B99B85962D3D898D00C74F68 /* TrackerTests */,
				B90C3F3F2CD6981E00171B84 /* Products */,
				B9C78A672CE66F7A00613AD1 /* Tracker.xcdatamodeld */,
				B90493212CF3923700C34E4C /* Tracker.xcodeproj */,
				A383E7635525B517161C4515 /* Pods */,
				0824801D893D6BA779277419 /* Frameworks */,
			);
			sourceTree = "<group>";
		};
		B90C3F3F2CD6981E00171B84 /* Products */ = {
			isa = PBXGroup;
			children = (
				B90C3F3E2CD6981E00171B84 /* Tracker.app */,
				B99B85692D3D716000C74F68 /* TrackerTests.xctest */,
			);
			name = Products;
			sourceTree = "<group>";
		};
		B9340CD02D133A8F0054D94A /* Events */ = {
			isa = PBXGroup;
			children = (
				B9340CD12D133AAF0054D94A /* NewEventVC.swift */,
			);
			path = Events;
			sourceTree = "<group>";
		};
		B96C8BDD2D3139A900C00631 /* Resources */ = {
			isa = PBXGroup;
			children = (
				B96C8BE02D313ADF00C00631 /* LocalizationStrings.swift */,
				B9C78A642CE66F7A00613AD1 /* Assets.xcassets */,
				B96C8BDE2D3139C900C00631 /* Localizable.xcstrings */,
				B96C8BEE2D3145A300C00631 /* LocalizableDictionary.stringsdict */,
				B96274C02D32B0620042FE05 /* TrackerColors.swift */,
				B90142662D3EF72700311616 /* Constants.swift */,
			);
			path = Resources;
			sourceTree = "<group>";
		};
		B99B85932D3D898D00C74F68 /* TrackerTests */ = {
			isa = PBXGroup;
			children = (
				B99B85922D3D898D00C74F68 /* testTrackerNavigationViewController.1.png */,
			);
			path = TrackerTests;
			sourceTree = "<group>";
		};
		B99B85942D3D898D00C74F68 /* __Snapshots__ */ = {
			isa = PBXGroup;
			children = (
				B99B85932D3D898D00C74F68 /* TrackerTests */,
			);
			path = __Snapshots__;
			sourceTree = "<group>";
		};
		B99B85962D3D898D00C74F68 /* TrackerTests */ = {
			isa = PBXGroup;
			children = (
				B99B85942D3D898D00C74F68 /* __Snapshots__ */,
				B99B85952D3D898D00C74F68 /* TrackerTests.swift */,
			);
			path = TrackerTests;
			sourceTree = "<group>";
		};
		B9A216422D05C49800D46982 /* CoreData */ = {
			isa = PBXGroup;
			children = (
				B9A216432D05C4C400D46982 /* TrackerStore.swift */,
				B9A216452D05C4FE00D46982 /* TrackerCategoryStore.swift */,
				B9A216472D05C52200D46982 /* TrackerRecordStore.swift */,
			);
			path = CoreData;
			sourceTree = "<group>";
		};
		B9BA627C2D2D85E3007D6ECF /* Onboarding */ = {
			isa = PBXGroup;
			children = (
				B9BA627E2D2D863A007D6ECF /* OnboardingViewController.swift */,
				B9A3BD802D2DC360008FD584 /* PageViewController.swift */,
			);
			path = Onboarding;
			sourceTree = "<group>";
		};
		B9C197002D3B1658009B917D /* Products */ = {
			isa = PBXGroup;
			children = (
			);
			name = Products;
			sourceTree = "<group>";
		};
		B9FE627E2D368F5700BE13E2 /* Filters */ = {
			isa = PBXGroup;
			children = (
				B9FE627F2D368F8800BE13E2 /* FiltersVC.swift */,
			);
			path = Filters;
			sourceTree = "<group>";
		};
		B9FE62832D384A2B00BE13E2 /* AddCategpryGroup */ = {
			isa = PBXGroup;
			children = (
				B9FE62812D384A2B00BE13E2 /* AddCategoryVC.swift */,
				B9FE62822D384A2B00BE13E2 /* AddCategoryViewModel.swift */,
			);
			path = AddCategpryGroup;
			sourceTree = "<group>";
		};
		B9FE62872D384A2B00BE13E2 /* CategoryViews */ = {
			isa = PBXGroup;
			children = (
				B9FE62832D384A2B00BE13E2 /* AddCategpryGroup */,
				B9FE62842D384A2B00BE13E2 /* CategoryModel.swift */,
				B9FE62852D384A2B00BE13E2 /* CategoryVC.swift */,
				B9FE62862D384A2B00BE13E2 /* CategoryVCViewModel.swift */,
			);
			path = CategoryViews;
			sourceTree = "<group>";
		};
		B9FE628F2D384A2B00BE13E2 /* CommonFiles */ = {
			isa = PBXGroup;
			children = (
				B9FE628D2D384A2B00BE13E2 /* AppDelegate.swift */,
				B9FE628E2D384A2B00BE13E2 /* SceneDelegate.swift */,
				B99B85902D3D803A00C74F68 /* AnalyticsService.swift */,
			);
			path = CommonFiles;
			sourceTree = "<group>";
		};
		B9FE62962D384A3500BE13E2 /* StartingAppScreens */ = {
			isa = PBXGroup;
			children = (
				B9FE62932D384A3500BE13E2 /* LaunchScreen.storyboard */,
				B9FE62942D384A3500BE13E2 /* MainTrackerViewController.swift */,
				B9FE62952D384A3500BE13E2 /* SplashViewController.swift */,
			);
			path = StartingAppScreens;
			sourceTree = "<group>";
		};
		B9FE629F2D384A3500BE13E2 /* HabitViews */ = {
			isa = PBXGroup;
			children = (
				B9FE629A2D384A3500BE13E2 /* CellCollectionViewController.swift */,
				B9FE629B2D384A3500BE13E2 /* EmojiCollectionViewVC.swift */,
				B9FE629C2D384A3500BE13E2 /* HabitTableView_obsolete.swift */,
				B9FE629D2D384A3500BE13E2 /* HabitTableViewCell.swift */,
				B9FE629E2D384A3500BE13E2 /* NewHabitVC.swift */,
			);
			path = HabitViews;
			sourceTree = "<group>";
		};
		B9FE62A62D384A3500BE13E2 /* Statistics */ = {
			isa = PBXGroup;
			children = (
				B9FE62A52D384A3500BE13E2 /* StatisticsTableViewController.swift */,
				B99B85632D3D386A00C74F68 /* GradientBorderView.swift */,
			);
			path = Statistics;
			sourceTree = "<group>";
		};
		B9FE62A92D384A3500BE13E2 /* ScheduleViews */ = {
			isa = PBXGroup;
			children = (
				B9FE62A82D384A3500BE13E2 /* ScheduleVC.swift */,
			);
			path = ScheduleViews;
			sourceTree = "<group>";
		};
		B9FE62AD2D384A3500BE13E2 /* Tracker */ = {
			isa = PBXGroup;
			children = (
				B9FE62AB2D384A3500BE13E2 /* Info.plist */,
				B9FE62AC2D384A3500BE13E2 /* TrackerCreateVC.swift */,
			);
			path = Tracker;
			sourceTree = "<group>";
		};
		B9FE62B32D384A3500BE13E2 /* TrackerViews */ = {
			isa = PBXGroup;
			children = (
				B9FE62B02D384A3500BE13E2 /* SupplementaryHeaderView.swift */,
				B9FE62B12D384A3500BE13E2 /* TrackerCellViewController.swift */,
				B9FE62B22D384A3500BE13E2 /* TrackerNavigationViewController.swift */,
			);
			path = TrackerViews;
			sourceTree = "<group>";
		};
/* End PBXGroup section */

/* Begin PBXNativeTarget section */
		B90C3F3D2CD6981E00171B84 /* Tracker */ = {
			isa = PBXNativeTarget;
			buildConfigurationList = B90C3F542CD6981F00171B84 /* Build configuration list for PBXNativeTarget "Tracker" */;
			buildPhases = (
				7A2A824DEE1379EBE55A0003 /* [CP] Check Pods Manifest.lock */,
				B90C3F3A2CD6981E00171B84 /* Sources */,
				B90C3F3B2CD6981E00171B84 /* Frameworks */,
				B90C3F3C2CD6981E00171B84 /* Resources */,
				4723F2D6C697A1E09AD7A420 /* [CP] Embed Pods Frameworks */,
			);
			buildRules = (
			);
			dependencies = (
			);
			name = Tracker;
			productName = Tracker;
			productReference = B90C3F3E2CD6981E00171B84 /* Tracker.app */;
			productType = "com.apple.product-type.application";
		};
		B99B85682D3D716000C74F68 /* TrackerTests */ = {
			isa = PBXNativeTarget;
			buildConfigurationList = B99B856F2D3D716000C74F68 /* Build configuration list for PBXNativeTarget "TrackerTests" */;
			buildPhases = (
				D014D15E919F42CB61D397F1 /* [CP] Check Pods Manifest.lock */,
				B99B85652D3D716000C74F68 /* Sources */,
				B99B85662D3D716000C74F68 /* Frameworks */,
				B99B85672D3D716000C74F68 /* Resources */,
			);
			buildRules = (
			);
			dependencies = (
				B99B856E2D3D716000C74F68 /* PBXTargetDependency */,
			);
			name = TrackerTests;
			packageProductDependencies = (
				B99B85732D3D730F00C74F68 /* InlineSnapshotTesting */,
				B99B85752D3D730F00C74F68 /* SnapshotTesting */,
			);
			productName = TrackerTests;
			productReference = B99B85692D3D716000C74F68 /* TrackerTests.xctest */;
			productType = "com.apple.product-type.bundle.unit-test";
		};
/* End PBXNativeTarget section */

/* Begin PBXProject section */
		B90C3F362CD6981E00171B84 /* Project object */ = {
			isa = PBXProject;
			attributes = {
				BuildIndependentTargetsInParallel = 1;
				LastSwiftUpdateCheck = 1620;
				LastUpgradeCheck = 1600;
				TargetAttributes = {
					B90C3F3D2CD6981E00171B84 = {
						CreatedOnToolsVersion = 16.0;
					};
					B99B85682D3D716000C74F68 = {
						CreatedOnToolsVersion = 16.2;
						TestTargetID = B90C3F3D2CD6981E00171B84;
					};
				};
			};
			buildConfigurationList = B90C3F392CD6981E00171B84 /* Build configuration list for PBXProject "Tracker" */;
			developmentRegion = en;
			hasScannedForEncodings = 0;
			knownRegions = (
				en,
				Base,
				ru,
			);
			mainGroup = B90C3F352CD6981E00171B84;
			minimizedProjectReferenceProxies = 1;
			packageReferences = (
				B99B85722D3D730F00C74F68 /* XCRemoteSwiftPackageReference "swift-snapshot-testing" */,
			);
			preferredProjectObjectVersion = 77;
			productRefGroup = B90C3F3F2CD6981E00171B84 /* Products */;
			projectDirPath = "";
			projectReferences = (
				{
					ProductGroup = B9C197002D3B1658009B917D /* Products */;
					ProjectRef = B90493212CF3923700C34E4C /* Tracker.xcodeproj */;
				},
			);
			projectRoot = "";
			targets = (
				B90C3F3D2CD6981E00171B84 /* Tracker */,
				B99B85682D3D716000C74F68 /* TrackerTests */,
			);
		};
/* End PBXProject section */

/* Begin PBXResourcesBuildPhase section */
		B90C3F3C2CD6981E00171B84 /* Resources */ = {
			isa = PBXResourcesBuildPhase;
			buildActionMask = 2147483647;
			files = (
				B9C78A752CE66F7A00613AD1 /* Assets.xcassets in Resources */,
				B9FE62992D384A3500BE13E2 /* LaunchScreen.storyboard in Resources */,
				B96C8BF02D3145A300C00631 /* LocalizableDictionary.stringsdict in Resources */,
				B96C8BDF2D3139C900C00631 /* Localizable.xcstrings in Resources */,
			);
			runOnlyForDeploymentPostprocessing = 0;
		};
		B99B85672D3D716000C74F68 /* Resources */ = {
			isa = PBXResourcesBuildPhase;
			buildActionMask = 2147483647;
			files = (
				B99B85972D3D898D00C74F68 /* testTrackerNavigationViewController.1.png in Resources */,
			);
			runOnlyForDeploymentPostprocessing = 0;
		};
/* End PBXResourcesBuildPhase section */

/* Begin PBXShellScriptBuildPhase section */
		4723F2D6C697A1E09AD7A420 /* [CP] Embed Pods Frameworks */ = {
			isa = PBXShellScriptBuildPhase;
			buildActionMask = 2147483647;
			files = (
			);
			inputFileListPaths = (
				"${PODS_ROOT}/Target Support Files/Pods-Tracker/Pods-Tracker-frameworks-${CONFIGURATION}-input-files.xcfilelist",
			);
			name = "[CP] Embed Pods Frameworks";
			outputFileListPaths = (
				"${PODS_ROOT}/Target Support Files/Pods-Tracker/Pods-Tracker-frameworks-${CONFIGURATION}-output-files.xcfilelist",
			);
			runOnlyForDeploymentPostprocessing = 0;
			shellPath = /bin/sh;
			shellScript = "\"${PODS_ROOT}/Target Support Files/Pods-Tracker/Pods-Tracker-frameworks.sh\"\n";
			showEnvVarsInLog = 0;
		};
		7A2A824DEE1379EBE55A0003 /* [CP] Check Pods Manifest.lock */ = {
			isa = PBXShellScriptBuildPhase;
			buildActionMask = 2147483647;
			files = (
			);
			inputFileListPaths = (
			);
			inputPaths = (
				"${PODS_PODFILE_DIR_PATH}/Podfile.lock",
				"${PODS_ROOT}/Manifest.lock",
			);
			name = "[CP] Check Pods Manifest.lock";
			outputFileListPaths = (
			);
			outputPaths = (
				"$(DERIVED_FILE_DIR)/Pods-Tracker-checkManifestLockResult.txt",
			);
			runOnlyForDeploymentPostprocessing = 0;
			shellPath = /bin/sh;
			shellScript = "diff \"${PODS_PODFILE_DIR_PATH}/Podfile.lock\" \"${PODS_ROOT}/Manifest.lock\" > /dev/null\nif [ $? != 0 ] ; then\n    # print error to STDERR\n    echo \"error: The sandbox is not in sync with the Podfile.lock. Run 'pod install' or update your CocoaPods installation.\" >&2\n    exit 1\nfi\n# This output is used by Xcode 'outputs' to avoid re-running this script phase.\necho \"SUCCESS\" > \"${SCRIPT_OUTPUT_FILE_0}\"\n";
			showEnvVarsInLog = 0;
		};
		D014D15E919F42CB61D397F1 /* [CP] Check Pods Manifest.lock */ = {
			isa = PBXShellScriptBuildPhase;
			buildActionMask = 2147483647;
			files = (
			);
			inputFileListPaths = (
			);
			inputPaths = (
				"${PODS_PODFILE_DIR_PATH}/Podfile.lock",
				"${PODS_ROOT}/Manifest.lock",
			);
			name = "[CP] Check Pods Manifest.lock";
			outputFileListPaths = (
			);
			outputPaths = (
				"$(DERIVED_FILE_DIR)/Pods-TrackerTests-checkManifestLockResult.txt",
			);
			runOnlyForDeploymentPostprocessing = 0;
			shellPath = /bin/sh;
			shellScript = "diff \"${PODS_PODFILE_DIR_PATH}/Podfile.lock\" \"${PODS_ROOT}/Manifest.lock\" > /dev/null\nif [ $? != 0 ] ; then\n    # print error to STDERR\n    echo \"error: The sandbox is not in sync with the Podfile.lock. Run 'pod install' or update your CocoaPods installation.\" >&2\n    exit 1\nfi\n# This output is used by Xcode 'outputs' to avoid re-running this script phase.\necho \"SUCCESS\" > \"${SCRIPT_OUTPUT_FILE_0}\"\n";
			showEnvVarsInLog = 0;
		};
/* End PBXShellScriptBuildPhase section */

/* Begin PBXSourcesBuildPhase section */
		B90C3F3A2CD6981E00171B84 /* Sources */ = {
			isa = PBXSourcesBuildPhase;
			buildActionMask = 2147483647;
			files = (
				B9340CD22D133AAF0054D94A /* NewEventVC.swift in Sources */,
				B96274C12D32B0620042FE05 /* TrackerColors.swift in Sources */,
				B9FE62AA2D384A3500BE13E2 /* ScheduleVC.swift in Sources */,
				B9FE62882D384A2B00BE13E2 /* AddCategoryVC.swift in Sources */,
				B9FE62892D384A2B00BE13E2 /* AddCategoryViewModel.swift in Sources */,
				B9FE62B42D384A3500BE13E2 /* SupplementaryHeaderView.swift in Sources */,
				B9FE62B52D384A3500BE13E2 /* TrackerCellViewController.swift in Sources */,
				B9FE62B62D384A3500BE13E2 /* TrackerNavigationViewController.swift in Sources */,
				B9FE628A2D384A2B00BE13E2 /* CategoryModel.swift in Sources */,
				B9FE628B2D384A2B00BE13E2 /* CategoryVC.swift in Sources */,
				B99B85912D3D803A00C74F68 /* AnalyticsService.swift in Sources */,
				B9FE628C2D384A2B00BE13E2 /* CategoryVCViewModel.swift in Sources */,
				B9FE62A02D384A3500BE13E2 /* CellCollectionViewController.swift in Sources */,
				B9FE62A12D384A3500BE13E2 /* EmojiCollectionViewVC.swift in Sources */,
				B9FE62A22D384A3500BE13E2 /* HabitTableView_obsolete.swift in Sources */,
				B9FE62A72D384A3500BE13E2 /* StatisticsTableViewController.swift in Sources */,
				B9FE62A32D384A3500BE13E2 /* HabitTableViewCell.swift in Sources */,
				B9FE62A42D384A3500BE13E2 /* NewHabitVC.swift in Sources */,
				B9A3BD812D2DC360008FD584 /* PageViewController.swift in Sources */,
				B9C78A722CE66F7A00613AD1 /* Tracker.xcdatamodeld in Sources */,
				B9FE62802D368F8800BE13E2 /* FiltersVC.swift in Sources */,
				B9A216482D05C52200D46982 /* TrackerRecordStore.swift in Sources */,
				B9FE62AE2D384A3500BE13E2 /* TrackerCreateVC.swift in Sources */,
				B90142672D3EF72700311616 /* Constants.swift in Sources */,
				B9FE62972D384A3500BE13E2 /* MainTrackerViewController.swift in Sources */,
				B9FE62982D384A3500BE13E2 /* SplashViewController.swift in Sources */,
				B9FE62902D384A2B00BE13E2 /* AppDelegate.swift in Sources */,
				B9FE62912D384A2B00BE13E2 /* SceneDelegate.swift in Sources */,
				B99B85642D3D386A00C74F68 /* GradientBorderView.swift in Sources */,
				B9A216462D05C4FE00D46982 /* TrackerCategoryStore.swift in Sources */,
				B9BA627F2D2D863A007D6ECF /* OnboardingViewController.swift in Sources */,
				B9A216442D05C4C400D46982 /* TrackerStore.swift in Sources */,
				B96C8BE12D313AF100C00631 /* LocalizationStrings.swift in Sources */,
			);
			runOnlyForDeploymentPostprocessing = 0;
		};
		B99B85652D3D716000C74F68 /* Sources */ = {
			isa = PBXSourcesBuildPhase;
			buildActionMask = 2147483647;
			files = (
				B99B85982D3D898D00C74F68 /* TrackerTests.swift in Sources */,
			);
			runOnlyForDeploymentPostprocessing = 0;
		};
/* End PBXSourcesBuildPhase section */

/* Begin PBXTargetDependency section */
		B99B856E2D3D716000C74F68 /* PBXTargetDependency */ = {
			isa = PBXTargetDependency;
			target = B90C3F3D2CD6981E00171B84 /* Tracker */;
			targetProxy = B99B856D2D3D716000C74F68 /* PBXContainerItemProxy */;
		};
/* End PBXTargetDependency section */

/* Begin PBXVariantGroup section */
		B96C8BEE2D3145A300C00631 /* LocalizableDictionary.stringsdict */ = {
			isa = PBXVariantGroup;
			children = (
				B96C8BEF2D3145A300C00631 /* en */,
				B96C8BF12D3147BE00C00631 /* ru */,
			);
			name = LocalizableDictionary.stringsdict;
			sourceTree = "<group>";
		};
		B9FE62932D384A3500BE13E2 /* LaunchScreen.storyboard */ = {
			isa = PBXVariantGroup;
			children = (
				B9FE62922D384A3500BE13E2 /* Base */,
			);
			name = LaunchScreen.storyboard;
			sourceTree = "<group>";
		};
/* End PBXVariantGroup section */

/* Begin XCBuildConfiguration section */
		B90C3F552CD6981F00171B84 /* Debug */ = {
			isa = XCBuildConfiguration;
			baseConfigurationReference = EF9DA798F3C81CDD208679F2 /* Pods-Tracker.debug.xcconfig */;
			buildSettings = {
				ASSETCATALOG_COMPILER_APPICON_NAME = AppIcon;
				ASSETCATALOG_COMPILER_GLOBAL_ACCENT_COLOR_NAME = AccentColor;
				CODE_SIGN_STYLE = Automatic;
				CURRENT_PROJECT_VERSION = 1;
				DEVELOPMENT_TEAM = 525NQN8N76;
				GENERATE_INFOPLIST_FILE = YES;
				INFOPLIST_FILE = Tracker/Info.plist;
				INFOPLIST_KEY_CFBundleDisplayName = "Habit Tracker";
				INFOPLIST_KEY_LSApplicationCategoryType = "public.app-category.lifestyle";
				INFOPLIST_KEY_UIApplicationSupportsIndirectInputEvents = YES;
				INFOPLIST_KEY_UILaunchStoryboardName = LaunchScreen;
				INFOPLIST_KEY_UISupportedInterfaceOrientations = UIInterfaceOrientationPortrait;
				INFOPLIST_KEY_UISupportedInterfaceOrientations_iPad = UIInterfaceOrientationPortrait;
				IPHONEOS_DEPLOYMENT_TARGET = 13.4;
				"IPHONEOS_DEPLOYMENT_TARGET[sdk=iphoneos*]" = 18.0;
				LD_RUNPATH_SEARCH_PATHS = (
					"$(inherited)",
					"@executable_path/Frameworks",
				);
				MARKETING_VERSION = 1.0;
				PRODUCT_BUNDLE_IDENTIFIER = ru.zvonarev.app.Tracker;
				PRODUCT_NAME = "$(TARGET_NAME)";
				SUPPORTED_PLATFORMS = "iphoneos iphonesimulator";
				SUPPORTS_MACCATALYST = NO;
				SUPPORTS_MAC_DESIGNED_FOR_IPHONE_IPAD = NO;
				SUPPORTS_XR_DESIGNED_FOR_IPHONE_IPAD = NO;
				SWIFT_EMIT_LOC_STRINGS = YES;
				SWIFT_VERSION = 5.0;
				TARGETED_DEVICE_FAMILY = 1;
			};
			name = Debug;
		};
		B90C3F562CD6981F00171B84 /* Release */ = {
			isa = XCBuildConfiguration;
			baseConfigurationReference = 97A0BCA16086953C5B703AC5 /* Pods-Tracker.release.xcconfig */;
			buildSettings = {
				ASSETCATALOG_COMPILER_APPICON_NAME = AppIcon;
				ASSETCATALOG_COMPILER_GLOBAL_ACCENT_COLOR_NAME = AccentColor;
				CODE_SIGN_STYLE = Automatic;
				CURRENT_PROJECT_VERSION = 1;
				DEVELOPMENT_TEAM = 525NQN8N76;
				GENERATE_INFOPLIST_FILE = YES;
				INFOPLIST_FILE = Tracker/Info.plist;
				INFOPLIST_KEY_CFBundleDisplayName = "Habit Tracker";
				INFOPLIST_KEY_LSApplicationCategoryType = "public.app-category.lifestyle";
				INFOPLIST_KEY_UIApplicationSupportsIndirectInputEvents = YES;
				INFOPLIST_KEY_UILaunchStoryboardName = LaunchScreen;
				INFOPLIST_KEY_UISupportedInterfaceOrientations = UIInterfaceOrientationPortrait;
				INFOPLIST_KEY_UISupportedInterfaceOrientations_iPad = UIInterfaceOrientationPortrait;
				IPHONEOS_DEPLOYMENT_TARGET = 13.4;
				"IPHONEOS_DEPLOYMENT_TARGET[sdk=iphoneos*]" = 18.0;
				LD_RUNPATH_SEARCH_PATHS = (
					"$(inherited)",
					"@executable_path/Frameworks",
				);
				MARKETING_VERSION = 1.0;
				PRODUCT_BUNDLE_IDENTIFIER = ru.zvonarev.app.Tracker;
				PRODUCT_NAME = "$(TARGET_NAME)";
				SUPPORTED_PLATFORMS = "iphoneos iphonesimulator";
				SUPPORTS_MACCATALYST = NO;
				SUPPORTS_MAC_DESIGNED_FOR_IPHONE_IPAD = NO;
				SUPPORTS_XR_DESIGNED_FOR_IPHONE_IPAD = NO;
				SWIFT_EMIT_LOC_STRINGS = YES;
				SWIFT_VERSION = 5.0;
				TARGETED_DEVICE_FAMILY = 1;
			};
			name = Release;
		};
		B90C3F572CD6981F00171B84 /* Debug */ = {
			isa = XCBuildConfiguration;
			buildSettings = {
				ALWAYS_SEARCH_USER_PATHS = NO;
				ASSETCATALOG_COMPILER_GENERATE_SWIFT_ASSET_SYMBOL_EXTENSIONS = YES;
				CLANG_ANALYZER_LOCALIZABILITY_NONLOCALIZED = YES;
				CLANG_ANALYZER_NONNULL = YES;
				CLANG_ANALYZER_NUMBER_OBJECT_CONVERSION = YES_AGGRESSIVE;
				CLANG_CXX_LANGUAGE_STANDARD = "gnu++20";
				CLANG_ENABLE_MODULES = YES;
				CLANG_ENABLE_OBJC_ARC = YES;
				CLANG_ENABLE_OBJC_WEAK = YES;
				CLANG_WARN_BLOCK_CAPTURE_AUTORELEASING = YES;
				CLANG_WARN_BOOL_CONVERSION = YES;
				CLANG_WARN_COMMA = YES;
				CLANG_WARN_CONSTANT_CONVERSION = YES;
				CLANG_WARN_DEPRECATED_OBJC_IMPLEMENTATIONS = YES;
				CLANG_WARN_DIRECT_OBJC_ISA_USAGE = YES_ERROR;
				CLANG_WARN_DOCUMENTATION_COMMENTS = YES;
				CLANG_WARN_EMPTY_BODY = YES;
				CLANG_WARN_ENUM_CONVERSION = YES;
				CLANG_WARN_INFINITE_RECURSION = YES;
				CLANG_WARN_INT_CONVERSION = YES;
				CLANG_WARN_NON_LITERAL_NULL_CONVERSION = YES;
				CLANG_WARN_OBJC_IMPLICIT_RETAIN_SELF = YES;
				CLANG_WARN_OBJC_LITERAL_CONVERSION = YES;
				CLANG_WARN_OBJC_ROOT_CLASS = YES_ERROR;
				CLANG_WARN_QUOTED_INCLUDE_IN_FRAMEWORK_HEADER = YES;
				CLANG_WARN_RANGE_LOOP_ANALYSIS = YES;
				CLANG_WARN_STRICT_PROTOTYPES = YES;
				CLANG_WARN_SUSPICIOUS_MOVE = YES;
				CLANG_WARN_UNGUARDED_AVAILABILITY = YES_AGGRESSIVE;
				CLANG_WARN_UNREACHABLE_CODE = YES;
				CLANG_WARN__DUPLICATE_METHOD_MATCH = YES;
				COPY_PHASE_STRIP = NO;
				DEBUG_INFORMATION_FORMAT = dwarf;
				ENABLE_STRICT_OBJC_MSGSEND = YES;
				ENABLE_TESTABILITY = YES;
				ENABLE_USER_SCRIPT_SANDBOXING = NO;
				GCC_C_LANGUAGE_STANDARD = gnu17;
				GCC_DYNAMIC_NO_PIC = NO;
				GCC_NO_COMMON_BLOCKS = YES;
				GCC_OPTIMIZATION_LEVEL = 0;
				GCC_PREPROCESSOR_DEFINITIONS = (
					"DEBUG=1",
					"$(inherited)",
				);
				GCC_WARN_64_TO_32_BIT_CONVERSION = YES;
				GCC_WARN_ABOUT_RETURN_TYPE = YES_ERROR;
				GCC_WARN_UNDECLARED_SELECTOR = YES;
				GCC_WARN_UNINITIALIZED_AUTOS = YES_AGGRESSIVE;
				GCC_WARN_UNUSED_FUNCTION = YES;
				GCC_WARN_UNUSED_VARIABLE = YES;
				IPHONEOS_DEPLOYMENT_TARGET = 18.0;
				LOCALIZATION_PREFERS_STRING_CATALOGS = YES;
				MTL_ENABLE_DEBUG_INFO = INCLUDE_SOURCE;
				MTL_FAST_MATH = YES;
				ONLY_ACTIVE_ARCH = YES;
				SDKROOT = iphoneos;
				SWIFT_ACTIVE_COMPILATION_CONDITIONS = "DEBUG $(inherited)";
				SWIFT_EMIT_LOC_STRINGS = YES;
				SWIFT_OPTIMIZATION_LEVEL = "-Onone";
			};
			name = Debug;
		};
		B90C3F582CD6981F00171B84 /* Release */ = {
			isa = XCBuildConfiguration;
			buildSettings = {
				ALWAYS_SEARCH_USER_PATHS = NO;
				ASSETCATALOG_COMPILER_GENERATE_SWIFT_ASSET_SYMBOL_EXTENSIONS = YES;
				CLANG_ANALYZER_LOCALIZABILITY_NONLOCALIZED = YES;
				CLANG_ANALYZER_NONNULL = YES;
				CLANG_ANALYZER_NUMBER_OBJECT_CONVERSION = YES_AGGRESSIVE;
				CLANG_CXX_LANGUAGE_STANDARD = "gnu++20";
				CLANG_ENABLE_MODULES = YES;
				CLANG_ENABLE_OBJC_ARC = YES;
				CLANG_ENABLE_OBJC_WEAK = YES;
				CLANG_WARN_BLOCK_CAPTURE_AUTORELEASING = YES;
				CLANG_WARN_BOOL_CONVERSION = YES;
				CLANG_WARN_COMMA = YES;
				CLANG_WARN_CONSTANT_CONVERSION = YES;
				CLANG_WARN_DEPRECATED_OBJC_IMPLEMENTATIONS = YES;
				CLANG_WARN_DIRECT_OBJC_ISA_USAGE = YES_ERROR;
				CLANG_WARN_DOCUMENTATION_COMMENTS = YES;
				CLANG_WARN_EMPTY_BODY = YES;
				CLANG_WARN_ENUM_CONVERSION = YES;
				CLANG_WARN_INFINITE_RECURSION = YES;
				CLANG_WARN_INT_CONVERSION = YES;
				CLANG_WARN_NON_LITERAL_NULL_CONVERSION = YES;
				CLANG_WARN_OBJC_IMPLICIT_RETAIN_SELF = YES;
				CLANG_WARN_OBJC_LITERAL_CONVERSION = YES;
				CLANG_WARN_OBJC_ROOT_CLASS = YES_ERROR;
				CLANG_WARN_QUOTED_INCLUDE_IN_FRAMEWORK_HEADER = YES;
				CLANG_WARN_RANGE_LOOP_ANALYSIS = YES;
				CLANG_WARN_STRICT_PROTOTYPES = YES;
				CLANG_WARN_SUSPICIOUS_MOVE = YES;
				CLANG_WARN_UNGUARDED_AVAILABILITY = YES_AGGRESSIVE;
				CLANG_WARN_UNREACHABLE_CODE = YES;
				CLANG_WARN__DUPLICATE_METHOD_MATCH = YES;
				COPY_PHASE_STRIP = NO;
				DEBUG_INFORMATION_FORMAT = "dwarf-with-dsym";
				ENABLE_NS_ASSERTIONS = NO;
				ENABLE_STRICT_OBJC_MSGSEND = YES;
				ENABLE_USER_SCRIPT_SANDBOXING = NO;
				GCC_C_LANGUAGE_STANDARD = gnu17;
				GCC_NO_COMMON_BLOCKS = YES;
				GCC_WARN_64_TO_32_BIT_CONVERSION = YES;
				GCC_WARN_ABOUT_RETURN_TYPE = YES_ERROR;
				GCC_WARN_UNDECLARED_SELECTOR = YES;
				GCC_WARN_UNINITIALIZED_AUTOS = YES_AGGRESSIVE;
				GCC_WARN_UNUSED_FUNCTION = YES;
				GCC_WARN_UNUSED_VARIABLE = YES;
				IPHONEOS_DEPLOYMENT_TARGET = 18.0;
				LOCALIZATION_PREFERS_STRING_CATALOGS = YES;
				MTL_ENABLE_DEBUG_INFO = NO;
				MTL_FAST_MATH = YES;
				SDKROOT = iphoneos;
				SWIFT_COMPILATION_MODE = wholemodule;
				SWIFT_EMIT_LOC_STRINGS = YES;
				VALIDATE_PRODUCT = YES;
			};
			name = Release;
		};
		B99B85702D3D716000C74F68 /* Debug */ = {
			isa = XCBuildConfiguration;
			baseConfigurationReference = 5BFC952B0130FF3604ECC196 /* Pods-TrackerTests.debug.xcconfig */;
			buildSettings = {
				BUNDLE_LOADER = "$(TEST_HOST)";
				CODE_SIGN_STYLE = Automatic;
				CURRENT_PROJECT_VERSION = 1;
				DEVELOPMENT_TEAM = 525NQN8N76;
				GENERATE_INFOPLIST_FILE = YES;
				IPHONEOS_DEPLOYMENT_TARGET = 18.2;
				MARKETING_VERSION = 1.0;
				PRODUCT_BUNDLE_IDENTIFIER = ru.zvonarevva.Tracker.TrackerTests;
				PRODUCT_NAME = "$(TARGET_NAME)";
				SUPPORTED_PLATFORMS = "iphoneos iphonesimulator";
				SUPPORTS_MACCATALYST = NO;
				SUPPORTS_MAC_DESIGNED_FOR_IPHONE_IPAD = NO;
				SUPPORTS_XR_DESIGNED_FOR_IPHONE_IPAD = NO;
				SWIFT_EMIT_LOC_STRINGS = NO;
				SWIFT_VERSION = 5.0;
				TARGETED_DEVICE_FAMILY = 1;
				TEST_HOST = "$(BUILT_PRODUCTS_DIR)/Tracker.app/$(BUNDLE_EXECUTABLE_FOLDER_PATH)/Tracker";
			};
			name = Debug;
		};
		B99B85712D3D716000C74F68 /* Release */ = {
			isa = XCBuildConfiguration;
			baseConfigurationReference = 50AD68AE6643C0372F7FE78A /* Pods-TrackerTests.release.xcconfig */;
			buildSettings = {
				BUNDLE_LOADER = "$(TEST_HOST)";
				CODE_SIGN_STYLE = Automatic;
				CURRENT_PROJECT_VERSION = 1;
				DEVELOPMENT_TEAM = 525NQN8N76;
				GENERATE_INFOPLIST_FILE = YES;
				IPHONEOS_DEPLOYMENT_TARGET = 18.2;
				MARKETING_VERSION = 1.0;
				PRODUCT_BUNDLE_IDENTIFIER = ru.zvonarevva.Tracker.TrackerTests;
				PRODUCT_NAME = "$(TARGET_NAME)";
				SUPPORTED_PLATFORMS = "iphoneos iphonesimulator";
				SUPPORTS_MACCATALYST = NO;
				SUPPORTS_MAC_DESIGNED_FOR_IPHONE_IPAD = NO;
				SUPPORTS_XR_DESIGNED_FOR_IPHONE_IPAD = NO;
				SWIFT_EMIT_LOC_STRINGS = NO;
				SWIFT_VERSION = 5.0;
				TARGETED_DEVICE_FAMILY = 1;
				TEST_HOST = "$(BUILT_PRODUCTS_DIR)/Tracker.app/$(BUNDLE_EXECUTABLE_FOLDER_PATH)/Tracker";
			};
			name = Release;
		};
/* End XCBuildConfiguration section */

/* Begin XCConfigurationList section */
		B90C3F392CD6981E00171B84 /* Build configuration list for PBXProject "Tracker" */ = {
			isa = XCConfigurationList;
			buildConfigurations = (
				B90C3F572CD6981F00171B84 /* Debug */,
				B90C3F582CD6981F00171B84 /* Release */,
			);
			defaultConfigurationIsVisible = 0;
			defaultConfigurationName = Release;
		};
		B90C3F542CD6981F00171B84 /* Build configuration list for PBXNativeTarget "Tracker" */ = {
			isa = XCConfigurationList;
			buildConfigurations = (
				B90C3F552CD6981F00171B84 /* Debug */,
				B90C3F562CD6981F00171B84 /* Release */,
			);
			defaultConfigurationIsVisible = 0;
			defaultConfigurationName = Release;
		};
		B99B856F2D3D716000C74F68 /* Build configuration list for PBXNativeTarget "TrackerTests" */ = {
			isa = XCConfigurationList;
			buildConfigurations = (
				B99B85702D3D716000C74F68 /* Debug */,
				B99B85712D3D716000C74F68 /* Release */,
			);
			defaultConfigurationIsVisible = 0;
			defaultConfigurationName = Release;
		};
/* End XCConfigurationList section */

/* Begin XCRemoteSwiftPackageReference section */
		B99B85722D3D730F00C74F68 /* XCRemoteSwiftPackageReference "swift-snapshot-testing" */ = {
			isa = XCRemoteSwiftPackageReference;
			repositoryURL = "https://github.com/pointfreeco/swift-snapshot-testing";
			requirement = {
				kind = upToNextMajorVersion;
				minimumVersion = 1.17.7;
			};
		};
/* End XCRemoteSwiftPackageReference section */

/* Begin XCSwiftPackageProductDependency section */
		B99B85732D3D730F00C74F68 /* InlineSnapshotTesting */ = {
			isa = XCSwiftPackageProductDependency;
			package = B99B85722D3D730F00C74F68 /* XCRemoteSwiftPackageReference "swift-snapshot-testing" */;
			productName = InlineSnapshotTesting;
		};
		B99B85752D3D730F00C74F68 /* SnapshotTesting */ = {
			isa = XCSwiftPackageProductDependency;
			package = B99B85722D3D730F00C74F68 /* XCRemoteSwiftPackageReference "swift-snapshot-testing" */;
			productName = SnapshotTesting;
		};
/* End XCSwiftPackageProductDependency section */

/* Begin XCVersionGroup section */
		B9C78A672CE66F7A00613AD1 /* Tracker.xcdatamodeld */ = {
			isa = XCVersionGroup;
			children = (
				B9C78A692CE66F7A00613AD1 /* Tracker.xcdatamodel */,
			);
			currentVersion = B9C78A692CE66F7A00613AD1 /* Tracker.xcdatamodel */;
			path = Tracker.xcdatamodeld;
			sourceTree = "<group>";
			versionGroupType = wrapper.xcdatamodel;
		};
/* End XCVersionGroup section */
	};
	rootObject = B90C3F362CD6981E00171B84 /* Project object */;
}
